# THIS IS AN AUTOGENERATED FILE. DO NOT EDIT THIS FILE DIRECTLY.
# yarn lockfile v1


dxf-writer@^1.18.4:
  version "1.18.4"
  resolved "https://registry.yarnpkg.com/dxf-writer/-/dxf-writer-1.18.4.tgz#7e064b5550f6dfa8a6e95e7a7489b32c49d31c75"
  integrity sha512-JdLOyP+1UyeB30yPowJLJKK0bPROq/dX+QTWcLSplQoepcyo/YMlU0Z27T7mIPxgwiPb+CQWwUIlbcRRfns+ng==
